// !$*UTF8*$!
{
	archiveVersion = 1;
	classes = {
	};
	objectVersion = 50;
	objects = {

/* Begin PBXBuildFile section */
		013833D224EC49E100670AFA /* AppDelegate.swift in Sources */ = {isa = PBXBuildFile; fileRef = 013833D124EC49E100670AFA /* AppDelegate.swift */; };
		013833D424EC49E100670AFA /* SceneDelegate.swift in Sources */ = {isa = PBXBuildFile; fileRef = 013833D324EC49E100670AFA /* SceneDelegate.swift */; };
		013833D624EC49E100670AFA /* ViewController.swift in Sources */ = {isa = PBXBuildFile; fileRef = 013833D524EC49E100670AFA /* ViewController.swift */; };
		013833D924EC49E100670AFA /* Main.storyboard in Resources */ = {isa = PBXBuildFile; fileRef = 013833D724EC49E100670AFA /* Main.storyboard */; };
		013833DB24EC49E300670AFA /* Assets.xcassets in Resources */ = {isa = PBXBuildFile; fileRef = 013833DA24EC49E300670AFA /* Assets.xcassets */; };
		013833DE24EC49E300670AFA /* LaunchScreen.storyboard in Resources */ = {isa = PBXBuildFile; fileRef = 013833DC24EC49E300670AFA /* LaunchScreen.storyboard */; };
		013833E824EC4ACE00670AFA /* LegacyObject.m in Sources */ = {isa = PBXBuildFile; fileRef = 013833E724EC4ACE00670AFA /* LegacyObject.m */; };
		013833EB24ED0D7200670AFA /* Object.swift in Sources */ = {isa = PBXBuildFile; fileRef = 013833EA24ED0D7200670AFA /* Object.swift */; };
/* End PBXBuildFile section */

/* Begin PBXFileReference section */
		013833CE24EC49E100670AFA /* Pool.app */ = {isa = PBXFileReference; explicitFileType = wrapper.application; includeInIndex = 0; path = Pool.app; sourceTree = BUILT_PRODUCTS_DIR; };
		013833D124EC49E100670AFA /* AppDelegate.swift */ = {isa = PBXFileReference; lastKnownFileType = sourcecode.swift; path = AppDelegate.swift; sourceTree = "<group>"; };
		013833D324EC49E100670AFA /* SceneDelegate.swift */ = {isa = PBXFileReference; lastKnownFileType = sourcecode.swift; path = SceneDelegate.swift; sourceTree = "<group>"; };
		013833D524EC49E100670AFA /* ViewController.swift */ = {isa = PBXFileReference; lastKnownFileType = sourcecode.swift; path = ViewController.swift; sourceTree = "<group>"; };
		013833D824EC49E100670AFA /* Base */ = {isa = PBXFileReference; lastKnownFileType = file.storyboard; name = Base; path = Base.lproj/Main.storyboard; sourceTree = "<group>"; };
		013833DA24EC49E300670AFA /* Assets.xcassets */ = {isa = PBXFileReference; lastKnownFileType = folder.assetcatalog; path = Assets.xcassets; sourceTree = "<group>"; };
		013833DD24EC49E300670AFA /* Base */ = {isa = PBXFileReference; lastKnownFileType = file.storyboard; name = Base; path = Base.lproj/LaunchScreen.storyboard; sourceTree = "<group>"; };
		013833DF24EC49E300670AFA /* Info.plist */ = {isa = PBXFileReference; lastKnownFileType = text.plist.xml; path = Info.plist; sourceTree = "<group>"; };
		013833E524EC4ACE00670AFA /* Pool-Bridging-Header.h */ = {isa = PBXFileReference; lastKnownFileType = sourcecode.c.h; path = "Pool-Bridging-Header.h"; sourceTree = "<group>"; };
		013833E624EC4ACE00670AFA /* LegacyObject.h */ = {isa = PBXFileReference; lastKnownFileType = sourcecode.c.h; path = LegacyObject.h; sourceTree = "<group>"; };
		013833E724EC4ACE00670AFA /* LegacyObject.m */ = {isa = PBXFileReference; lastKnownFileType = sourcecode.c.objc; path = LegacyObject.m; sourceTree = "<group>"; };
		013833E924ED058800670AFA /* README.md */ = {isa = PBXFileReference; lastKnownFileType = net.daringfireball.markdown; path = README.md; sourceTree = "<group>"; };
		013833EA24ED0D7200670AFA /* Object.swift */ = {isa = PBXFileReference; lastKnownFileType = sourcecode.swift; path = Object.swift; sourceTree = "<group>"; };
/* End PBXFileReference section */

/* Begin PBXFrameworksBuildPhase section */
		013833CB24EC49E100670AFA /* Frameworks */ = {
			isa = PBXFrameworksBuildPhase;
			buildActionMask = 2147483647;
			files = (
			);
			runOnlyForDeploymentPostprocessing = 0;
		};
/* End PBXFrameworksBuildPhase section */

/* Begin PBXGroup section */
		013833C524EC49E100670AFA = {
			isa = PBXGroup;
			children = (
				013833E924ED058800670AFA /* README.md */,
				013833D024EC49E100670AFA /* Pool */,
				013833CF24EC49E100670AFA /* Products */,
			);
			sourceTree = "<group>";
		};
		013833CF24EC49E100670AFA /* Products */ = {
			isa = PBXGroup;
			children = (
				013833CE24EC49E100670AFA /* Pool.app */,
			);
			name = Products;
			sourceTree = "<group>";
		};
		013833D024EC49E100670AFA /* Pool */ = {
			isa = PBXGroup;
			children = (
				013833D124EC49E100670AFA /* AppDelegate.swift */,
				013833D324EC49E100670AFA /* SceneDelegate.swift */,
				013833D524EC49E100670AFA /* ViewController.swift */,
				013833EA24ED0D7200670AFA /* Object.swift */,
				013833E624EC4ACE00670AFA /* LegacyObject.h */,
				013833E724EC4ACE00670AFA /* LegacyObject.m */,
				013833D724EC49E100670AFA /* Main.storyboard */,
				013833DA24EC49E300670AFA /* Assets.xcassets */,
				013833DC24EC49E300670AFA /* LaunchScreen.storyboard */,
				013833DF24EC49E300670AFA /* Info.plist */,
				013833E524EC4ACE00670AFA /* Pool-Bridging-Header.h */,
			);
			path = Pool;
			sourceTree = "<group>";
		};
/* End PBXGroup section */

/* Begin PBXNativeTarget section */
		013833CD24EC49E100670AFA /* Pool */ = {
			isa = PBXNativeTarget;
			buildConfigurationList = 013833E224EC49E300670AFA /* Build configuration list for PBXNativeTarget "Pool" */;
			buildPhases = (
				013833CA24EC49E100670AFA /* Sources */,
				013833CB24EC49E100670AFA /* Frameworks */,
				013833CC24EC49E100670AFA /* Resources */,
			);
			buildRules = (
			);
			dependencies = (
			);
			name = Pool;
			productName = Pool;
			productReference = 013833CE24EC49E100670AFA /* Pool.app */;
			productType = "com.apple.product-type.application";
		};
/* End PBXNativeTarget section */

/* Begin PBXProject section */
		013833C624EC49E100670AFA /* Project object */ = {
			isa = PBXProject;
			attributes = {
				LastSwiftUpdateCheck = 1160;
				LastUpgradeCheck = 1160;
				ORGANIZATIONNAME = "Alexandr Ignatyev";
				TargetAttributes = {
					013833CD24EC49E100670AFA = {
						CreatedOnToolsVersion = 11.6;
						LastSwiftMigration = 1160;
					};
				};
			};
			buildConfigurationList = 013833C924EC49E100670AFA /* Build configuration list for PBXProject "Pool" */;
			compatibilityVersion = "Xcode 9.3";
			developmentRegion = en;
			hasScannedForEncodings = 0;
			knownRegions = (
				en,
				Base,
			);
			mainGroup = 013833C524EC49E100670AFA;
			productRefGroup = 013833CF24EC49E100670AFA /* Products */;
			projectDirPath = "";
			projectRoot = "";
			targets = (
				013833CD24EC49E100670AFA /* Pool */,
			);
		};
/* End PBXProject section */

/* Begin PBXResourcesBuildPhase section */
		013833CC24EC49E100670AFA /* Resources */ = {
			isa = PBXResourcesBuildPhase;
			buildActionMask = 2147483647;
			files = (
				013833DE24EC49E300670AFA /* LaunchScreen.storyboard in Resources */,
				013833DB24EC49E300670AFA /* Assets.xcassets in Resources */,
				013833D924EC49E100670AFA /* Main.storyboard in Resources */,
			);
			runOnlyForDeploymentPostprocessing = 0;
		};
/* End PBXResourcesBuildPhase section */

/* Begin PBXSourcesBuildPhase section */
		013833CA24EC49E100670AFA /* Sources */ = {
			isa = PBXSourcesBuildPhase;
			buildActionMask = 2147483647;
			files = (
				013833EB24ED0D7200670AFA /* Object.swift in Sources */,
				013833D624EC49E100670AFA /* ViewController.swift in Sources */,
				013833E824EC4ACE00670AFA /* LegacyObject.m in Sources */,
				013833D224EC49E100670AFA /* AppDelegate.swift in Sources */,
				013833D424EC49E100670AFA /* SceneDelegate.swift in Sources */,
			);
			runOnlyForDeploymentPostprocessing = 0;
		};
/* End PBXSourcesBuildPhase section */

/* Begin PBXVariantGroup section */
		013833D724EC49E100670AFA /* Main.storyboard */ = {
			isa = PBXVariantGroup;
			children = (
				013833D824EC49E100670AFA /* Base */,
			);
			name = Main.storyboard;
			sourceTree = "<group>";
		};
		013833DC24EC49E300670AFA /* LaunchScreen.storyboard */ = {
			isa = PBXVariantGroup;
			children = (
				013833DD24EC49E300670AFA /* Base */,
			);
			name = LaunchScreen.storyboard;
			sourceTree = "<group>";
		};
/* End PBXVariantGroup section */

/* Begin XCBuildConfiguration section */
		013833E024EC49E300670AFA /* Debug */ = {
			isa = XCBuildConfiguration;
			buildSettings = {
				ALWAYS_SEARCH_USER_PATHS = NO;
				CLANG_ANALYZER_NONNULL = YES;
				CLANG_ANALYZER_NUMBER_OBJECT_CONVERSION = YES_AGGRESSIVE;
				CLANG_CXX_LANGUAGE_STANDARD = "gnu++14";
				CLANG_CXX_LIBRARY = "libc++";
				CLANG_ENABLE_MODULES = YES;
				CLANG_ENABLE_OBJC_ARC = YES;
				CLANG_ENABLE_OBJC_WEAK = YES;
				CLANG_WARN_BLOCK_CAPTURE_AUTORELEASING = YES;
				CLANG_WARN_BOOL_CONVERSION = YES;
				CLANG_WARN_COMMA = YES;
				CLANG_WARN_CONSTANT_CONVERSION = YES;
				CLANG_WARN_DEPRECATED_OBJC_IMPLEMENTATIONS = YES;
				CLANG_WARN_DIRECT_OBJC_ISA_USAGE = YES_ERROR;
				CLANG_WARN_DOCUMENTATION_COMMENTS = YES;
				CLANG_WARN_EMPTY_BODY = YES;
				CLANG_WARN_ENUM_CONVERSION = YES;
				CLANG_WARN_INFINITE_RECURSION = YES;
				CLANG_WARN_INT_CONVERSION = YES;
				CLANG_WARN_NON_LITERAL_NULL_CONVERSION = YES;
				CLANG_WARN_OBJC_IMPLICIT_RETAIN_SELF = YES;
				CLANG_WARN_OBJC_LITERAL_CONVERSION = YES;
				CLANG_WARN_OBJC_ROOT_CLASS = YES_ERROR;
				CLANG_WARN_RANGE_LOOP_ANALYSIS = YES;
				CLANG_WARN_STRICT_PROTOTYPES = YES;
				CLANG_WARN_SUSPICIOUS_MOVE = YES;
				CLANG_WARN_UNGUARDED_AVAILABILITY = YES_AGGRESSIVE;
				CLANG_WARN_UNREACHABLE_CODE = YES;
				CLANG_WARN__DUPLICATE_METHOD_MATCH = YES;
				COPY_PHASE_STRIP = NO;
				DEBUG_INFORMATION_FORMAT = dwarf;
				ENABLE_STRICT_OBJC_MSGSEND = YES;
				ENABLE_TESTABILITY = YES;
				GCC_C_LANGUAGE_STANDARD = gnu11;
				GCC_DYNAMIC_NO_PIC = NO;
				GCC_NO_COMMON_BLOCKS = YES;
				GCC_OPTIMIZATION_LEVEL = 0;
				GCC_PREPROCESSOR_DEFINITIONS = (
					"DEBUG=1",
					"$(inherited)",
				);
				GCC_WARN_64_TO_32_BIT_CONVERSION = YES;
				GCC_WARN_ABOUT_RETURN_TYPE = YES_ERROR;
				GCC_WARN_UNDECLARED_SELECTOR = YES;
				GCC_WARN_UNINITIALIZED_AUTOS = YES_AGGRESSIVE;
				GCC_WARN_UNUSED_FUNCTION = YES;
				GCC_WARN_UNUSED_VARIABLE = YES;
				IPHONEOS_DEPLOYMENT_TARGET = 13.6;
				MTL_ENABLE_DEBUG_INFO = INCLUDE_SOURCE;
				MTL_FAST_MATH = YES;
				ONLY_ACTIVE_ARCH = YES;
				SDKROOT = iphoneos;
				SWIFT_ACTIVE_COMPILATION_CONDITIONS = DEBUG;
				SWIFT_OPTIMIZATION_LEVEL = "-Onone";
			};
			name = Debug;
		};
		013833E124EC49E300670AFA /* Release */ = {
			isa = XCBuildConfiguration;
			buildSettings = {
				ALWAYS_SEARCH_USER_PATHS = NO;
				CLANG_ANALYZER_NONNULL = YES;
				CLANG_ANALYZER_NUMBER_OBJECT_CONVERSION = YES_AGGRESSIVE;
				CLANG_CXX_LANGUAGE_STANDARD = "gnu++14";
				CLANG_CXX_LIBRARY = "libc++";
				CLANG_ENABLE_MODULES = YES;
				CLANG_ENABLE_OBJC_ARC = YES;
				CLANG_ENABLE_OBJC_WEAK = YES;
				CLANG_WARN_BLOCK_CAPTURE_AUTORELEASING = YES;
				CLANG_WARN_BOOL_CONVERSION = YES;
				CLANG_WARN_COMMA = YES;
				CLANG_WARN_CONSTANT_CONVERSION = YES;
				CLANG_WARN_DEPRECATED_OBJC_IMPLEMENTATIONS = YES;
				CLANG_WARN_DIRECT_OBJC_ISA_USAGE = YES_ERROR;
				CLANG_WARN_DOCUMENTATION_COMMENTS = YES;
				CLANG_WARN_EMPTY_BODY = YES;
				CLANG_WARN_ENUM_CONVERSION = YES;
				CLANG_WARN_INFINITE_RECURSION = YES;
				CLANG_WARN_INT_CONVERSION = YES;
				CLANG_WARN_NON_LITERAL_NULL_CONVERSION = YES;
				CLANG_WARN_OBJC_IMPLICIT_RETAIN_SELF = YES;
				CLANG_WARN_OBJC_LITERAL_CONVERSION = YES;
				CLANG_WARN_OBJC_ROOT_CLASS = YES_ERROR;
				CLANG_WARN_RANGE_LOOP_ANALYSIS = YES;
				CLANG_WARN_STRICT_PROTOTYPES = YES;
				CLANG_WARN_SUSPICIOUS_MOVE = YES;
				CLANG_WARN_UNGUARDED_AVAILABILITY = YES_AGGRESSIVE;
				CLANG_WARN_UNREACHABLE_CODE = YES;
				CLANG_WARN__DUPLICATE_METHOD_MATCH = YES;
				COPY_PHASE_STRIP = NO;
				DEBUG_INFORMATION_FORMAT = "dwarf-with-dsym";
				ENABLE_NS_ASSERTIONS = NO;
				ENABLE_STRICT_OBJC_MSGSEND = YES;
				GCC_C_LANGUAGE_STANDARD = gnu11;
				GCC_NO_COMMON_BLOCKS = YES;
				GCC_WARN_64_TO_32_BIT_CONVERSION = YES;
				GCC_WARN_ABOUT_RETURN_TYPE = YES_ERROR;
				GCC_WARN_UNDECLARED_SELECTOR = YES;
				GCC_WARN_UNINITIALIZED_AUTOS = YES_AGGRESSIVE;
				GCC_WARN_UNUSED_FUNCTION = YES;
				GCC_WARN_UNUSED_VARIABLE = YES;
				IPHONEOS_DEPLOYMENT_TARGET = 13.6;
				MTL_ENABLE_DEBUG_INFO = NO;
				MTL_FAST_MATH = YES;
				SDKROOT = iphoneos;
				SWIFT_COMPILATION_MODE = wholemodule;
				SWIFT_OPTIMIZATION_LEVEL = "-O";
				VALIDATE_PRODUCT = YES;
			};
			name = Release;
		};
		013833E324EC49E300670AFA /* Debug */ = {
			isa = XCBuildConfiguration;
			buildSettings = {
				ASSETCATALOG_COMPILER_APPICON_NAME = AppIcon;
				CLANG_ENABLE_MODULES = YES;
				CLANG_ENABLE_OBJC_ARC = NO;
				CODE_SIGN_STYLE = Automatic;
				DEVELOPMENT_TEAM = QM3357L793;
				INFOPLIST_FILE = Pool/Info.plist;
				LD_RUNPATH_SEARCH_PATHS = (
					"$(inherited)",
					"@executable_path/Frameworks",
				);
				PRODUCT_BUNDLE_IDENTIFIER = "com.alex-ignition.Pool";
				PRODUCT_NAME = "$(TARGET_NAME)";
				SWIFT_OBJC_BRIDGING_HEADER = "Pool/Pool-Bridging-Header.h";
				SWIFT_OPTIMIZATION_LEVEL = "-Onone";
				SWIFT_VERSION = 5.0;
				TARGETED_DEVICE_FAMILY = "1,2";
			};
			name = Debug;
		};
		013833E424EC49E300670AFA /* Release */ = {
			isa = XCBuildConfiguration;
			buildSettings = {
				ASSETCATALOG_COMPILER_APPICON_NAME = AppIcon;
				CLANG_ENABLE_MODULES = YES;
				CLANG_ENABLE_OBJC_ARC = NO;
				CODE_SIGN_STYLE = Automatic;
				DEVELOPMENT_TEAM = QM3357L793;
				INFOPLIST_FILE = Pool/Info.plist;
				LD_RUNPATH_SEARCH_PATHS = (
					"$(inherited)",
					"@executable_path/Frameworks",
				);
				PRODUCT_BUNDLE_IDENTIFIER = "com.alex-ignition.Pool";
				PRODUCT_NAME = "$(TARGET_NAME)";
				SWIFT_OBJC_BRIDGING_HEADER = "Pool/Pool-Bridging-Header.h";
				SWIFT_VERSION = 5.0;
				TARGETED_DEVICE_FAMILY = "1,2";
			};
			name = Release;
		};
/* End XCBuildConfiguration section */

/* Begin XCConfigurationList section */
		013833C924EC49E100670AFA /* Build configuration list for PBXProject "Pool" */ = {
			isa = XCConfigurationList;
			buildConfigurations = (
				013833E024EC49E300670AFA /* Debug */,
				013833E124EC49E300670AFA /* Release */,
			);
			defaultConfigurationIsVisible = 0;
			defaultConfigurationName = Release;
		};
		013833E224EC49E300670AFA /* Build configuration list for PBXNativeTarget "Pool" */ = {
			isa = XCConfigurationList;
			buildConfigurations = (
				013833E324EC49E300670AFA /* Debug */,
				013833E424EC49E300670AFA /* Release */,
			);
			defaultConfigurationIsVisible = 0;
			defaultConfigurationName = Release;
		};
/* End XCConfigurationList section */
	};
	rootObject = 013833C624EC49E100670AFA /* Project object */;
}
